
Microsoft Visual Studio Solution File, Format Version 12.00
# Visual Studio Version 17
VisualStudioVersion = 17.8.34330.188
MinimumVisualStudioVersion = 10.0.40219.1
Project("{FAE04EC0-301F-11D3-BF4B-00C04F79EFBC}") = "Ryuk", "Ryuk\Ryuk.csproj", "{37053883-64E6-47BC-A301-D5678046B696}"
EndProject
Project("{FAE04EC0-301F-11D3-BF4B-00C04F79EFBC}") = "RyukTest", "RyukTest\RyukTest.csproj", "{E58D0ED3-BC6A-41A4-AEB0-3312AE981AEA}"
EndProject
Global
	GlobalSection(SolutionConfigurationPlatforms) = preSolution
		Debug|Any CPU = Debug|Any CPU
		Release|Any CPU = Release|Any CPU
	EndGlobalSection
	GlobalSection(ProjectConfigurationPlatforms) = postSolution
		{37053883-64E6-47BC-A301-D5678046B696}.Debug|Any CPU.ActiveCfg = Debug|Any CPU
		{37053883-64E6-47BC-A301-D5678046B696}.Debug|Any CPU.Build.0 = Debug|Any CPU
		{37053883-64E6-47BC-A301-D5678046B696}.Release|Any CPU.ActiveCfg = Release|Any CPU
		{37053883-64E6-47BC-A301-D5678046B696}.Release|Any CPU.Build.0 = Release|Any CPU
		{E58D0ED3-BC6A-41A4-AEB0-3312AE981AEA}.Debug|Any CPU.ActiveCfg = Debug|Any CPU
		{E58D0ED3-BC6A-41A4-AEB0-3312AE981AEA}.Debug|Any CPU.Build.0 = Debug|Any CPU
		{E58D0ED3-BC6A-41A4-AEB0-3312AE981AEA}.Release|Any CPU.ActiveCfg = Release|Any CPU
		{E58D0ED3-BC6A-41A4-AEB0-3312AE981AEA}.Release|Any CPU.Build.0 = Release|Any CPU
	EndGlobalSection
	GlobalSection(SolutionProperties) = preSolution
		HideSolutionNode = FALSE
	EndGlobalSection
	GlobalSection(ExtensibilityGlobals) = postSolution
		SolutionGuid = {2E13EBD8-ED0B-43BE-ADBB-FF1E8E9EAE83}
	EndGlobalSection
EndGlobal
